
Microsoft Visual Studio Solution File, Format Version 12.00
# Visual Studio Version 17
VisualStudioVersion = 17.1.32328.378
MinimumVisualStudioVersion = 10.0.40219.1
Project("{2150E333-8FDC-42A3-9474-1A3956D46DE8}") = "TestWebApp", "TestWebApp", "{0C3AF276-81BF-4B30-9411-0BA48BBCABDC}"
EndProject
Project("{2150E333-8FDC-42A3-9474-1A3956D46DE8}") = "Apps", "Apps", "{A40E9E03-9E64-40A6-A2FA-ACB9BF755103}"
EndProject
Project("{9A19103F-16F7-4668-BE54-9A1E7A4F7556}") = "TestWebApp", "TestWebApp\Apps\TestWebApp\TestWebApp.csproj", "{A9812C6C-C344-4379-A350-C4AACF806EB5}"
EndProject
Project("{2150E333-8FDC-42A3-9474-1A3956D46DE8}") = "Internal", "Internal", "{9B283280-3D57-4B63-B2C9-51D0FD929CC3}"
EndProject
Project("{9A19103F-16F7-4668-BE54-9A1E7A4F7556}") = "XTI_TestWebAppApi", "TestWebApp\Internal\XTI_TestWebAppApi\XTI_TestWebAppApi.csproj", "{28D22FFD-F84F-4813-9485-DA184DCD66D8}"
EndProject
Project("{9A19103F-16F7-4668-BE54-9A1E7A4F7556}") = "TestWebApp.ApiControllers", "TestWebApp\Internal\TestWebApp.ApiControllers\TestWebApp.ApiControllers.csproj", "{02665824-DEA1-41E4-9355-E76A451AE328}"
EndProject
Project("{9A19103F-16F7-4668-BE54-9A1E7A4F7556}") = "TestWebApp.Extensions", "TestWebApp\Internal\TestWebApp.Extensions\TestWebApp.Extensions.csproj", "{BB90B6D3-F752-42E0-85BA-4730DCFDFD0B}"
EndProject
Project("{9A19103F-16F7-4668-BE54-9A1E7A4F7556}") = "TestApiGeneratorApp", "TestWebApp\Apps\TestApiGeneratorApp\TestApiGeneratorApp.csproj", "{1EA8852D-7A36-4D7A-8508-7581B0D7B77E}"
EndProject
Project("{9A19103F-16F7-4668-BE54-9A1E7A4F7556}") = "TestSetupApp", "TestWebApp\Apps\TestSetupApp\TestSetupApp.csproj", "{BCC5F0DB-F635-4D68-AAA1-4E802C31BFFA}"
EndProject
Project("{2150E333-8FDC-42A3-9474-1A3956D46DE8}") = "TestServiceApp", "TestServiceApp", "{2972B1B5-B9F2-478E-A338-AC612F7BA9A1}"
EndProject
Project("{2150E333-8FDC-42A3-9474-1A3956D46DE8}") = "Apps", "Apps", "{9D4AB029-F7C1-462D-B50B-0C4EE3B6347D}"
EndProject
Project("{9A19103F-16F7-4668-BE54-9A1E7A4F7556}") = "TestServiceApp", "TestServiceApp\Apps\TestServiceApp\TestServiceApp.csproj", "{E2F62ACF-9B70-408A-A53C-31C5AC403C91}"
EndProject
Project("{2150E333-8FDC-42A3-9474-1A3956D46DE8}") = "Internal", "Internal", "{166E960C-4D4A-445E-AA46-34132FCD978B}"
EndProject
Project("{9A19103F-16F7-4668-BE54-9A1E7A4F7556}") = "XTI_TestServiceAppApi", "TestServiceApp\Internal\XTI_TestServiceAppApi\XTI_TestServiceAppApi.csproj", "{D47FF0C4-7065-467C-AA00-4314D7EA30EB}"
EndProject
Project("{9A19103F-16F7-4668-BE54-9A1E7A4F7556}") = "TestServiceApp.Extensions", "TestServiceApp\Internal\TestServiceApp.Extensions\TestServiceApp.Extensions.csproj", "{95321D80-88C6-4A4D-8AB8-6842C3D9F301}"
EndProject
Project("{9A19103F-16F7-4668-BE54-9A1E7A4F7556}") = "TestSetupApp", "TestServiceApp\Apps\TestSetupApp\TestSetupApp.csproj", "{2E77584F-D36A-48C8-86A0-909076A9C832}"
EndProject
Global
	GlobalSection(SolutionConfigurationPlatforms) = preSolution
		Debug|Any CPU = Debug|Any CPU
		Release|Any CPU = Release|Any CPU
	EndGlobalSection
	GlobalSection(ProjectConfigurationPlatforms) = postSolution
		{A9812C6C-C344-4379-A350-C4AACF806EB5}.Debug|Any CPU.ActiveCfg = Debug|Any CPU
		{A9812C6C-C344-4379-A350-C4AACF806EB5}.Debug|Any CPU.Build.0 = Debug|Any CPU
		{A9812C6C-C344-4379-A350-C4AACF806EB5}.Release|Any CPU.ActiveCfg = Release|Any CPU
		{A9812C6C-C344-4379-A350-C4AACF806EB5}.Release|Any CPU.Build.0 = Release|Any CPU
		{28D22FFD-F84F-4813-9485-DA184DCD66D8}.Debug|Any CPU.ActiveCfg = Debug|Any CPU
		{28D22FFD-F84F-4813-9485-DA184DCD66D8}.Debug|Any CPU.Build.0 = Debug|Any CPU
		{28D22FFD-F84F-4813-9485-DA184DCD66D8}.Release|Any CPU.ActiveCfg = Release|Any CPU
		{28D22FFD-F84F-4813-9485-DA184DCD66D8}.Release|Any CPU.Build.0 = Release|Any CPU
		{02665824-DEA1-41E4-9355-E76A451AE328}.Debug|Any CPU.ActiveCfg = Debug|Any CPU
		{02665824-DEA1-41E4-9355-E76A451AE328}.Debug|Any CPU.Build.0 = Debug|Any CPU
		{02665824-DEA1-41E4-9355-E76A451AE328}.Release|Any CPU.ActiveCfg = Release|Any CPU
		{02665824-DEA1-41E4-9355-E76A451AE328}.Release|Any CPU.Build.0 = Release|Any CPU
		{BB90B6D3-F752-42E0-85BA-4730DCFDFD0B}.Debug|Any CPU.ActiveCfg = Debug|Any CPU
		{BB90B6D3-F752-42E0-85BA-4730DCFDFD0B}.Debug|Any CPU.Build.0 = Debug|Any CPU
		{BB90B6D3-F752-42E0-85BA-4730DCFDFD0B}.Release|Any CPU.ActiveCfg = Release|Any CPU
		{BB90B6D3-F752-42E0-85BA-4730DCFDFD0B}.Release|Any CPU.Build.0 = Release|Any CPU
		{1EA8852D-7A36-4D7A-8508-7581B0D7B77E}.Debug|Any CPU.ActiveCfg = Debug|Any CPU
		{1EA8852D-7A36-4D7A-8508-7581B0D7B77E}.Debug|Any CPU.Build.0 = Debug|Any CPU
		{1EA8852D-7A36-4D7A-8508-7581B0D7B77E}.Release|Any CPU.ActiveCfg = Release|Any CPU
		{1EA8852D-7A36-4D7A-8508-7581B0D7B77E}.Release|Any CPU.Build.0 = Release|Any CPU
		{BCC5F0DB-F635-4D68-AAA1-4E802C31BFFA}.Debug|Any CPU.ActiveCfg = Debug|Any CPU
		{BCC5F0DB-F635-4D68-AAA1-4E802C31BFFA}.Debug|Any CPU.Build.0 = Debug|Any CPU
		{BCC5F0DB-F635-4D68-AAA1-4E802C31BFFA}.Release|Any CPU.ActiveCfg = Release|Any CPU
		{BCC5F0DB-F635-4D68-AAA1-4E802C31BFFA}.Release|Any CPU.Build.0 = Release|Any CPU
		{E2F62ACF-9B70-408A-A53C-31C5AC403C91}.Debug|Any CPU.ActiveCfg = Debug|Any CPU
		{E2F62ACF-9B70-408A-A53C-31C5AC403C91}.Debug|Any CPU.Build.0 = Debug|Any CPU
		{E2F62ACF-9B70-408A-A53C-31C5AC403C91}.Release|Any CPU.ActiveCfg = Release|Any CPU
		{E2F62ACF-9B70-408A-A53C-31C5AC403C91}.Release|Any CPU.Build.0 = Release|Any CPU
		{D47FF0C4-7065-467C-AA00-4314D7EA30EB}.Debug|Any CPU.ActiveCfg = Debug|Any CPU
		{D47FF0C4-7065-467C-AA00-4314D7EA30EB}.Debug|Any CPU.Build.0 = Debug|Any CPU
		{D47FF0C4-7065-467C-AA00-4314D7EA30EB}.Release|Any CPU.ActiveCfg = Release|Any CPU
		{D47FF0C4-7065-467C-AA00-4314D7EA30EB}.Release|Any CPU.Build.0 = Release|Any CPU
		{95321D80-88C6-4A4D-8AB8-6842C3D9F301}.Debug|Any CPU.ActiveCfg = Debug|Any CPU
		{95321D80-88C6-4A4D-8AB8-6842C3D9F301}.Debug|Any CPU.Build.0 = Debug|Any CPU
		{95321D80-88C6-4A4D-8AB8-6842C3D9F301}.Release|Any CPU.ActiveCfg = Release|Any CPU
		{95321D80-88C6-4A4D-8AB8-6842C3D9F301}.Release|Any CPU.Build.0 = Release|Any CPU
		{2E77584F-D36A-48C8-86A0-909076A9C832}.Debug|Any CPU.ActiveCfg = Debug|Any CPU
		{2E77584F-D36A-48C8-86A0-909076A9C832}.Debug|Any CPU.Build.0 = Debug|Any CPU
		{2E77584F-D36A-48C8-86A0-909076A9C832}.Release|Any CPU.ActiveCfg = Release|Any CPU
		{2E77584F-D36A-48C8-86A0-909076A9C832}.Release|Any CPU.Build.0 = Release|Any CPU
	EndGlobalSection
	GlobalSection(SolutionProperties) = preSolution
		HideSolutionNode = FALSE
	EndGlobalSection
	GlobalSection(NestedProjects) = preSolution
		{A40E9E03-9E64-40A6-A2FA-ACB9BF755103} = {0C3AF276-81BF-4B30-9411-0BA48BBCABDC}
		{A9812C6C-C344-4379-A350-C4AACF806EB5} = {A40E9E03-9E64-40A6-A2FA-ACB9BF755103}
		{9B283280-3D57-4B63-B2C9-51D0FD929CC3} = {0C3AF276-81BF-4B30-9411-0BA48BBCABDC}
		{28D22FFD-F84F-4813-9485-DA184DCD66D8} = {9B283280-3D57-4B63-B2C9-51D0FD929CC3}
		{02665824-DEA1-41E4-9355-E76A451AE328} = {9B283280-3D57-4B63-B2C9-51D0FD929CC3}
		{BB90B6D3-F752-42E0-85BA-4730DCFDFD0B} = {9B283280-3D57-4B63-B2C9-51D0FD929CC3}
		{1EA8852D-7A36-4D7A-8508-7581B0D7B77E} = {A40E9E03-9E64-40A6-A2FA-ACB9BF755103}
		{BCC5F0DB-F635-4D68-AAA1-4E802C31BFFA} = {A40E9E03-9E64-40A6-A2FA-ACB9BF755103}
		{9D4AB029-F7C1-462D-B50B-0C4EE3B6347D} = {2972B1B5-B9F2-478E-A338-AC612F7BA9A1}
		{E2F62ACF-9B70-408A-A53C-31C5AC403C91} = {9D4AB029-F7C1-462D-B50B-0C4EE3B6347D}
		{166E960C-4D4A-445E-AA46-34132FCD978B} = {2972B1B5-B9F2-478E-A338-AC612F7BA9A1}
		{D47FF0C4-7065-467C-AA00-4314D7EA30EB} = {166E960C-4D4A-445E-AA46-34132FCD978B}
		{95321D80-88C6-4A4D-8AB8-6842C3D9F301} = {166E960C-4D4A-445E-AA46-34132FCD978B}
		{2E77584F-D36A-48C8-86A0-909076A9C832} = {9D4AB029-F7C1-462D-B50B-0C4EE3B6347D}
	EndGlobalSection
	GlobalSection(ExtensibilityGlobals) = postSolution
		SolutionGuid = {1AA69949-E607-4827-A36F-8E5D85EE5BB3}
	EndGlobalSection
EndGlobal
